// !$*UTF8*$!
{
	archiveVersion = 1;
	classes = {
	};
	objectVersion = 56;
	objects = {

/* Begin PBXBuildFile section */
		F11D853E2994CDA900060667 /* SecondViewController.swift in Sources */ = {isa = PBXBuildFile; fileRef = F11D853D2994CDA900060667 /* SecondViewController.swift */; };
		F1B49ABB2993C776003EB5A9 /* AppDelegate.swift in Sources */ = {isa = PBXBuildFile; fileRef = F1B49ABA2993C776003EB5A9 /* AppDelegate.swift */; };
		F1B49ABD2993C776003EB5A9 /* SceneDelegate.swift in Sources */ = {isa = PBXBuildFile; fileRef = F1B49ABC2993C776003EB5A9 /* SceneDelegate.swift */; };
		F1B49ABF2993C776003EB5A9 /* ViewController.swift in Sources */ = {isa = PBXBuildFile; fileRef = F1B49ABE2993C776003EB5A9 /* ViewController.swift */; };
		F1B49AC22993C776003EB5A9 /* Main.storyboard in Resources */ = {isa = PBXBuildFile; fileRef = F1B49AC02993C776003EB5A9 /* Main.storyboard */; };
		F1B49AC42993C77A003EB5A9 /* Assets.xcassets in Resources */ = {isa = PBXBuildFile; fileRef = F1B49AC32993C77A003EB5A9 /* Assets.xcassets */; };
		F1B49AC72993C77A003EB5A9 /* LaunchScreen.storyboard in Resources */ = {isa = PBXBuildFile; fileRef = F1B49AC52993C77A003EB5A9 /* LaunchScreen.storyboard */; };
		F1B49AD22993C77B003EB5A9 /* counter_testTests.swift in Sources */ = {isa = PBXBuildFile; fileRef = F1B49AD12993C77B003EB5A9 /* counter_testTests.swift */; };
		F1B49ADC2993C77B003EB5A9 /* counter_testUITests.swift in Sources */ = {isa = PBXBuildFile; fileRef = F1B49ADB2993C77B003EB5A9 /* counter_testUITests.swift */; };
		F1B49ADE2993C77B003EB5A9 /* counter_testUITestsLaunchTests.swift in Sources */ = {isa = PBXBuildFile; fileRef = F1B49ADD2993C77B003EB5A9 /* counter_testUITestsLaunchTests.swift */; };
/* End PBXBuildFile section */

/* Begin PBXContainerItemProxy section */
		F1B49ACE2993C77B003EB5A9 /* PBXContainerItemProxy */ = {
			isa = PBXContainerItemProxy;
			containerPortal = F1B49AAF2993C776003EB5A9 /* Project object */;
			proxyType = 1;
			remoteGlobalIDString = F1B49AB62993C776003EB5A9;
			remoteInfo = counter_test;
		};
		F1B49AD82993C77B003EB5A9 /* PBXContainerItemProxy */ = {
			isa = PBXContainerItemProxy;
			containerPortal = F1B49AAF2993C776003EB5A9 /* Project object */;
			proxyType = 1;
			remoteGlobalIDString = F1B49AB62993C776003EB5A9;
			remoteInfo = counter_test;
		};
/* End PBXContainerItemProxy section */

/* Begin PBXFileReference section */
		F11D853D2994CDA900060667 /* SecondViewController.swift */ = {isa = PBXFileReference; lastKnownFileType = sourcecode.swift; path = SecondViewController.swift; sourceTree = "<group>"; };
		F1B49AB72993C776003EB5A9 /* counter_test.app */ = {isa = PBXFileReference; explicitFileType = wrapper.application; includeInIndex = 0; path = counter_test.app; sourceTree = BUILT_PRODUCTS_DIR; };
		F1B49ABA2993C776003EB5A9 /* AppDelegate.swift */ = {isa = PBXFileReference; lastKnownFileType = sourcecode.swift; path = AppDelegate.swift; sourceTree = "<group>"; };
		F1B49ABC2993C776003EB5A9 /* SceneDelegate.swift */ = {isa = PBXFileReference; lastKnownFileType = sourcecode.swift; path = SceneDelegate.swift; sourceTree = "<group>"; };
		F1B49ABE2993C776003EB5A9 /* ViewController.swift */ = {isa = PBXFileReference; lastKnownFileType = sourcecode.swift; path = ViewController.swift; sourceTree = "<group>"; };
		F1B49AC12993C776003EB5A9 /* Base */ = {isa = PBXFileReference; lastKnownFileType = file.storyboard; name = Base; path = Base.lproj/Main.storyboard; sourceTree = "<group>"; };
		F1B49AC32993C77A003EB5A9 /* Assets.xcassets */ = {isa = PBXFileReference; lastKnownFileType = folder.assetcatalog; path = Assets.xcassets; sourceTree = "<group>"; };
		F1B49AC62993C77A003EB5A9 /* Base */ = {isa = PBXFileReference; lastKnownFileType = file.storyboard; name = Base; path = Base.lproj/LaunchScreen.storyboard; sourceTree = "<group>"; };
		F1B49AC82993C77A003EB5A9 /* Info.plist */ = {isa = PBXFileReference; lastKnownFileType = text.plist.xml; path = Info.plist; sourceTree = "<group>"; };
		F1B49ACD2993C77B003EB5A9 /* counter_testTests.xctest */ = {isa = PBXFileReference; explicitFileType = wrapper.cfbundle; includeInIndex = 0; path = counter_testTests.xctest; sourceTree = BUILT_PRODUCTS_DIR; };
		F1B49AD12993C77B003EB5A9 /* counter_testTests.swift */ = {isa = PBXFileReference; lastKnownFileType = sourcecode.swift; path = counter_testTests.swift; sourceTree = "<group>"; };
		F1B49AD72993C77B003EB5A9 /* counter_testUITests.xctest */ = {isa = PBXFileReference; explicitFileType = wrapper.cfbundle; includeInIndex = 0; path = counter_testUITests.xctest; sourceTree = BUILT_PRODUCTS_DIR; };
		F1B49ADB2993C77B003EB5A9 /* counter_testUITests.swift */ = {isa = PBXFileReference; lastKnownFileType = sourcecode.swift; path = counter_testUITests.swift; sourceTree = "<group>"; };
		F1B49ADD2993C77B003EB5A9 /* counter_testUITestsLaunchTests.swift */ = {isa = PBXFileReference; lastKnownFileType = sourcecode.swift; path = counter_testUITestsLaunchTests.swift; sourceTree = "<group>"; };
/* End PBXFileReference section */

/* Begin PBXFrameworksBuildPhase section */
		F1B49AB42993C776003EB5A9 /* Frameworks */ = {
			isa = PBXFrameworksBuildPhase;
			buildActionMask = 2147483647;
			files = (
			);
			runOnlyForDeploymentPostprocessing = 0;
		};
		F1B49ACA2993C77B003EB5A9 /* Frameworks */ = {
			isa = PBXFrameworksBuildPhase;
			buildActionMask = 2147483647;
			files = (
			);
			runOnlyForDeploymentPostprocessing = 0;
		};
		F1B49AD42993C77B003EB5A9 /* Frameworks */ = {
			isa = PBXFrameworksBuildPhase;
			buildActionMask = 2147483647;
			files = (
			);
			runOnlyForDeploymentPostprocessing = 0;
		};
/* End PBXFrameworksBuildPhase section */

/* Begin PBXGroup section */
		F1B49AAE2993C776003EB5A9 = {
			isa = PBXGroup;
			children = (
				F1B49AB92993C776003EB5A9 /* counter_test */,
				F1B49AD02993C77B003EB5A9 /* counter_testTests */,
				F1B49ADA2993C77B003EB5A9 /* counter_testUITests */,
				F1B49AB82993C776003EB5A9 /* Products */,
			);
			sourceTree = "<group>";
		};
		F1B49AB82993C776003EB5A9 /* Products */ = {
			isa = PBXGroup;
			children = (
				F1B49AB72993C776003EB5A9 /* counter_test.app */,
				F1B49ACD2993C77B003EB5A9 /* counter_testTests.xctest */,
				F1B49AD72993C77B003EB5A9 /* counter_testUITests.xctest */,
			);
			name = Products;
			sourceTree = "<group>";
		};
		F1B49AB92993C776003EB5A9 /* counter_test */ = {
			isa = PBXGroup;
			children = (
				F1B49ABA2993C776003EB5A9 /* AppDelegate.swift */,
				F1B49ABC2993C776003EB5A9 /* SceneDelegate.swift */,
				F1B49ABE2993C776003EB5A9 /* ViewController.swift */,
				F1B49AC02993C776003EB5A9 /* Main.storyboard */,
				F11D853D2994CDA900060667 /* SecondViewController.swift */,
				F1B49AC32993C77A003EB5A9 /* Assets.xcassets */,
				F1B49AC52993C77A003EB5A9 /* LaunchScreen.storyboard */,
				F1B49AC82993C77A003EB5A9 /* Info.plist */,
			);
			path = counter_test;
			sourceTree = "<group>";
		};
		F1B49AD02993C77B003EB5A9 /* counter_testTests */ = {
			isa = PBXGroup;
			children = (
				F1B49AD12993C77B003EB5A9 /* counter_testTests.swift */,
			);
			path = counter_testTests;
			sourceTree = "<group>";
		};
		F1B49ADA2993C77B003EB5A9 /* counter_testUITests */ = {
			isa = PBXGroup;
			children = (
				F1B49ADB2993C77B003EB5A9 /* counter_testUITests.swift */,
				F1B49ADD2993C77B003EB5A9 /* counter_testUITestsLaunchTests.swift */,
			);
			path = counter_testUITests;
			sourceTree = "<group>";
		};
/* End PBXGroup section */

/* Begin PBXNativeTarget section */
		F1B49AB62993C776003EB5A9 /* counter_test */ = {
			isa = PBXNativeTarget;
			buildConfigurationList = F1B49AE12993C77B003EB5A9 /* Build configuration list for PBXNativeTarget "counter_test" */;
			buildPhases = (
				F1B49AB32993C776003EB5A9 /* Sources */,
				F1B49AB42993C776003EB5A9 /* Frameworks */,
				F1B49AB52993C776003EB5A9 /* Resources */,
			);
			buildRules = (
			);
			dependencies = (
			);
			name = counter_test;
			productName = counter_test;
			productReference = F1B49AB72993C776003EB5A9 /* counter_test.app */;
			productType = "com.apple.product-type.application";
		};
		F1B49ACC2993C77B003EB5A9 /* counter_testTests */ = {
			isa = PBXNativeTarget;
			buildConfigurationList = F1B49AE42993C77B003EB5A9 /* Build configuration list for PBXNativeTarget "counter_testTests" */;
			buildPhases = (
				F1B49AC92993C77B003EB5A9 /* Sources */,
				F1B49ACA2993C77B003EB5A9 /* Frameworks */,
				F1B49ACB2993C77B003EB5A9 /* Resources */,
			);
			buildRules = (
			);
			dependencies = (
				F1B49ACF2993C77B003EB5A9 /* PBXTargetDependency */,
			);
			name = counter_testTests;
			productName = counter_testTests;
			productReference = F1B49ACD2993C77B003EB5A9 /* counter_testTests.xctest */;
			productType = "com.apple.product-type.bundle.unit-test";
		};
		F1B49AD62993C77B003EB5A9 /* counter_testUITests */ = {
			isa = PBXNativeTarget;
			buildConfigurationList = F1B49AE72993C77B003EB5A9 /* Build configuration list for PBXNativeTarget "counter_testUITests" */;
			buildPhases = (
				F1B49AD32993C77B003EB5A9 /* Sources */,
				F1B49AD42993C77B003EB5A9 /* Frameworks */,
				F1B49AD52993C77B003EB5A9 /* Resources */,
			);
			buildRules = (
			);
			dependencies = (
				F1B49AD92993C77B003EB5A9 /* PBXTargetDependency */,
			);
			name = counter_testUITests;
			productName = counter_testUITests;
			productReference = F1B49AD72993C77B003EB5A9 /* counter_testUITests.xctest */;
			productType = "com.apple.product-type.bundle.ui-testing";
		};
/* End PBXNativeTarget section */

/* Begin PBXProject section */
		F1B49AAF2993C776003EB5A9 /* Project object */ = {
			isa = PBXProject;
			attributes = {
				BuildIndependentTargetsInParallel = 1;
				LastSwiftUpdateCheck = 1420;
				LastUpgradeCheck = 1420;
				TargetAttributes = {
					F1B49AB62993C776003EB5A9 = {
						CreatedOnToolsVersion = 14.2;
					};
					F1B49ACC2993C77B003EB5A9 = {
						CreatedOnToolsVersion = 14.2;
						TestTargetID = F1B49AB62993C776003EB5A9;
					};
					F1B49AD62993C77B003EB5A9 = {
						CreatedOnToolsVersion = 14.2;
						TestTargetID = F1B49AB62993C776003EB5A9;
					};
				};
			};
			buildConfigurationList = F1B49AB22993C776003EB5A9 /* Build configuration list for PBXProject "counter_test" */;
			compatibilityVersion = "Xcode 14.0";
			developmentRegion = en;
			hasScannedForEncodings = 0;
			knownRegions = (
				en,
				Base,
			);
			mainGroup = F1B49AAE2993C776003EB5A9;
			productRefGroup = F1B49AB82993C776003EB5A9 /* Products */;
			projectDirPath = "";
			projectRoot = "";
			targets = (
				F1B49AB62993C776003EB5A9 /* counter_test */,
				F1B49ACC2993C77B003EB5A9 /* counter_testTests */,
				F1B49AD62993C77B003EB5A9 /* counter_testUITests */,
			);
		};
/* End PBXProject section */

/* Begin PBXResourcesBuildPhase section */
		F1B49AB52993C776003EB5A9 /* Resources */ = {
			isa = PBXResourcesBuildPhase;
			buildActionMask = 2147483647;
			files = (
				F1B49AC72993C77A003EB5A9 /* LaunchScreen.storyboard in Resources */,
				F1B49AC42993C77A003EB5A9 /* Assets.xcassets in Resources */,
				F1B49AC22993C776003EB5A9 /* Main.storyboard in Resources */,
			);
			runOnlyForDeploymentPostprocessing = 0;
		};
		F1B49ACB2993C77B003EB5A9 /* Resources */ = {
			isa = PBXResourcesBuildPhase;
			buildActionMask = 2147483647;
			files = (
			);
			runOnlyForDeploymentPostprocessing = 0;
		};
		F1B49AD52993C77B003EB5A9 /* Resources */ = {
			isa = PBXResourcesBuildPhase;
			buildActionMask = 2147483647;
			files = (
			);
			runOnlyForDeploymentPostprocessing = 0;
		};
/* End PBXResourcesBuildPhase section */

/* Begin PBXSourcesBuildPhase section */
		F1B49AB32993C776003EB5A9 /* Sources */ = {
			isa = PBXSourcesBuildPhase;
			buildActionMask = 2147483647;
			files = (
				F11D853E2994CDA900060667 /* SecondViewController.swift in Sources */,
				F1B49ABF2993C776003EB5A9 /* ViewController.swift in Sources */,
				F1B49ABB2993C776003EB5A9 /* AppDelegate.swift in Sources */,
				F1B49ABD2993C776003EB5A9 /* SceneDelegate.swift in Sources */,
			);
			runOnlyForDeploymentPostprocessing = 0;
		};
		F1B49AC92993C77B003EB5A9 /* Sources */ = {
			isa = PBXSourcesBuildPhase;
			buildActionMask = 2147483647;
			files = (
				F1B49AD22993C77B003EB5A9 /* counter_testTests.swift in Sources */,
			);
			runOnlyForDeploymentPostprocessing = 0;
		};
		F1B49AD32993C77B003EB5A9 /* Sources */ = {
			isa = PBXSourcesBuildPhase;
			buildActionMask = 2147483647;
			files = (
				F1B49ADC2993C77B003EB5A9 /* counter_testUITests.swift in Sources */,
				F1B49ADE2993C77B003EB5A9 /* counter_testUITestsLaunchTests.swift in Sources */,
			);
			runOnlyForDeploymentPostprocessing = 0;
		};
/* End PBXSourcesBuildPhase section */

/* Begin PBXTargetDependency section */
		F1B49ACF2993C77B003EB5A9 /* PBXTargetDependency */ = {
			isa = PBXTargetDependency;
			target = F1B49AB62993C776003EB5A9 /* counter_test */;
			targetProxy = F1B49ACE2993C77B003EB5A9 /* PBXContainerItemProxy */;
		};
		F1B49AD92993C77B003EB5A9 /* PBXTargetDependency */ = {
			isa = PBXTargetDependency;
			target = F1B49AB62993C776003EB5A9 /* counter_test */;
			targetProxy = F1B49AD82993C77B003EB5A9 /* PBXContainerItemProxy */;
		};
/* End PBXTargetDependency section */

/* Begin PBXVariantGroup section */
		F1B49AC02993C776003EB5A9 /* Main.storyboard */ = {
			isa = PBXVariantGroup;
			children = (
				F1B49AC12993C776003EB5A9 /* Base */,
			);
			name = Main.storyboard;
			sourceTree = "<group>";
		};
		F1B49AC52993C77A003EB5A9 /* LaunchScreen.storyboard */ = {
			isa = PBXVariantGroup;
			children = (
				F1B49AC62993C77A003EB5A9 /* Base */,
			);
			name = LaunchScreen.storyboard;
			sourceTree = "<group>";
		};
/* End PBXVariantGroup section */

/* Begin XCBuildConfiguration section */
		F1B49ADF2993C77B003EB5A9 /* Debug */ = {
			isa = XCBuildConfiguration;
			buildSettings = {
				ALWAYS_SEARCH_USER_PATHS = NO;
				CLANG_ANALYZER_NONNULL = YES;
				CLANG_ANALYZER_NUMBER_OBJECT_CONVERSION = YES_AGGRESSIVE;
				CLANG_CXX_LANGUAGE_STANDARD = "gnu++20";
				CLANG_ENABLE_MODULES = YES;
				CLANG_ENABLE_OBJC_ARC = YES;
				CLANG_ENABLE_OBJC_WEAK = YES;
				CLANG_WARN_BLOCK_CAPTURE_AUTORELEASING = YES;
				CLANG_WARN_BOOL_CONVERSION = YES;
				CLANG_WARN_COMMA = YES;
				CLANG_WARN_CONSTANT_CONVERSION = YES;
				CLANG_WARN_DEPRECATED_OBJC_IMPLEMENTATIONS = YES;
				CLANG_WARN_DIRECT_OBJC_ISA_USAGE = YES_ERROR;
				CLANG_WARN_DOCUMENTATION_COMMENTS = YES;
				CLANG_WARN_EMPTY_BODY = YES;
				CLANG_WARN_ENUM_CONVERSION = YES;
				CLANG_WARN_INFINITE_RECURSION = YES;
				CLANG_WARN_INT_CONVERSION = YES;
				CLANG_WARN_NON_LITERAL_NULL_CONVERSION = YES;
				CLANG_WARN_OBJC_IMPLICIT_RETAIN_SELF = YES;
				CLANG_WARN_OBJC_LITERAL_CONVERSION = YES;
				CLANG_WARN_OBJC_ROOT_CLASS = YES_ERROR;
				CLANG_WARN_QUOTED_INCLUDE_IN_FRAMEWORK_HEADER = YES;
				CLANG_WARN_RANGE_LOOP_ANALYSIS = YES;
				CLANG_WARN_STRICT_PROTOTYPES = YES;
				CLANG_WARN_SUSPICIOUS_MOVE = YES;
				CLANG_WARN_UNGUARDED_AVAILABILITY = YES_AGGRESSIVE;
				CLANG_WARN_UNREACHABLE_CODE = YES;
				CLANG_WARN__DUPLICATE_METHOD_MATCH = YES;
				COPY_PHASE_STRIP = NO;
				DEBUG_INFORMATION_FORMAT = dwarf;
				ENABLE_STRICT_OBJC_MSGSEND = YES;
				ENABLE_TESTABILITY = YES;
				GCC_C_LANGUAGE_STANDARD = gnu11;
				GCC_DYNAMIC_NO_PIC = NO;
				GCC_NO_COMMON_BLOCKS = YES;
				GCC_OPTIMIZATION_LEVEL = 0;
				GCC_PREPROCESSOR_DEFINITIONS = (
					"DEBUG=1",
					"$(inherited)",
				);
				GCC_WARN_64_TO_32_BIT_CONVERSION = YES;
				GCC_WARN_ABOUT_RETURN_TYPE = YES_ERROR;
				GCC_WARN_UNDECLARED_SELECTOR = YES;
				GCC_WARN_UNINITIALIZED_AUTOS = YES_AGGRESSIVE;
				GCC_WARN_UNUSED_FUNCTION = YES;
				GCC_WARN_UNUSED_VARIABLE = YES;
				IPHONEOS_DEPLOYMENT_TARGET = 16.2;
				MTL_ENABLE_DEBUG_INFO = INCLUDE_SOURCE;
				MTL_FAST_MATH = YES;
				ONLY_ACTIVE_ARCH = YES;
				SDKROOT = iphoneos;
				SWIFT_ACTIVE_COMPILATION_CONDITIONS = DEBUG;
				SWIFT_OPTIMIZATION_LEVEL = "-Onone";
			};
			name = Debug;
		};
		F1B49AE02993C77B003EB5A9 /* Release */ = {
			isa = XCBuildConfiguration;
			buildSettings = {
				ALWAYS_SEARCH_USER_PATHS = NO;
				CLANG_ANALYZER_NONNULL = YES;
				CLANG_ANALYZER_NUMBER_OBJECT_CONVERSION = YES_AGGRESSIVE;
				CLANG_CXX_LANGUAGE_STANDARD = "gnu++20";
				CLANG_ENABLE_MODULES = YES;
				CLANG_ENABLE_OBJC_ARC = YES;
				CLANG_ENABLE_OBJC_WEAK = YES;
				CLANG_WARN_BLOCK_CAPTURE_AUTORELEASING = YES;
				CLANG_WARN_BOOL_CONVERSION = YES;
				CLANG_WARN_COMMA = YES;
				CLANG_WARN_CONSTANT_CONVERSION = YES;
				CLANG_WARN_DEPRECATED_OBJC_IMPLEMENTATIONS = YES;
				CLANG_WARN_DIRECT_OBJC_ISA_USAGE = YES_ERROR;
				CLANG_WARN_DOCUMENTATION_COMMENTS = YES;
				CLANG_WARN_EMPTY_BODY = YES;
				CLANG_WARN_ENUM_CONVERSION = YES;
				CLANG_WARN_INFINITE_RECURSION = YES;
				CLANG_WARN_INT_CONVERSION = YES;
				CLANG_WARN_NON_LITERAL_NULL_CONVERSION = YES;
				CLANG_WARN_OBJC_IMPLICIT_RETAIN_SELF = YES;
				CLANG_WARN_OBJC_LITERAL_CONVERSION = YES;
				CLANG_WARN_OBJC_ROOT_CLASS = YES_ERROR;
				CLANG_WARN_QUOTED_INCLUDE_IN_FRAMEWORK_HEADER = YES;
				CLANG_WARN_RANGE_LOOP_ANALYSIS = YES;
				CLANG_WARN_STRICT_PROTOTYPES = YES;
				CLANG_WARN_SUSPICIOUS_MOVE = YES;
				CLANG_WARN_UNGUARDED_AVAILABILITY = YES_AGGRESSIVE;
				CLANG_WARN_UNREACHABLE_CODE = YES;
				CLANG_WARN__DUPLICATE_METHOD_MATCH = YES;
				COPY_PHASE_STRIP = NO;
				DEBUG_INFORMATION_FORMAT = "dwarf-with-dsym";
				ENABLE_NS_ASSERTIONS = NO;
				ENABLE_STRICT_OBJC_MSGSEND = YES;
				GCC_C_LANGUAGE_STANDARD = gnu11;
				GCC_NO_COMMON_BLOCKS = YES;
				GCC_WARN_64_TO_32_BIT_CONVERSION = YES;
				GCC_WARN_ABOUT_RETURN_TYPE = YES_ERROR;
				GCC_WARN_UNDECLARED_SELECTOR = YES;
				GCC_WARN_UNINITIALIZED_AUTOS = YES_AGGRESSIVE;
				GCC_WARN_UNUSED_FUNCTION = YES;
				GCC_WARN_UNUSED_VARIABLE = YES;
				IPHONEOS_DEPLOYMENT_TARGET = 16.2;
				MTL_ENABLE_DEBUG_INFO = NO;
				MTL_FAST_MATH = YES;
				SDKROOT = iphoneos;
				SWIFT_COMPILATION_MODE = wholemodule;
				SWIFT_OPTIMIZATION_LEVEL = "-O";
				VALIDATE_PRODUCT = YES;
			};
			name = Release;
		};
		F1B49AE22993C77B003EB5A9 /* Debug */ = {
			isa = XCBuildConfiguration;
			buildSettings = {
				ASSETCATALOG_COMPILER_APPICON_NAME = AppIcon;
				ASSETCATALOG_COMPILER_GLOBAL_ACCENT_COLOR_NAME = AccentColor;
				CODE_SIGN_STYLE = Automatic;
				CURRENT_PROJECT_VERSION = 1;
				DEVELOPMENT_TEAM = TQFN4DL3L5;
				GENERATE_INFOPLIST_FILE = YES;
				INFOPLIST_FILE = counter_test/Info.plist;
				INFOPLIST_KEY_UIApplicationSupportsIndirectInputEvents = YES;
				INFOPLIST_KEY_UILaunchStoryboardName = LaunchScreen;
				INFOPLIST_KEY_UIMainStoryboardFile = Main;
				INFOPLIST_KEY_UISupportedInterfaceOrientations = UIInterfaceOrientationPortrait;
				INFOPLIST_KEY_UISupportedInterfaceOrientations_iPad = "UIInterfaceOrientationLandscapeLeft UIInterfaceOrientationLandscapeRight UIInterfaceOrientationPortrait UIInterfaceOrientationPortraitUpsideDown";
				LD_RUNPATH_SEARCH_PATHS = (
					"$(inherited)",
					"@executable_path/Frameworks",
				);
				MARKETING_VERSION = 1.0;
				PRODUCT_BUNDLE_IDENTIFIER = "tokoroteen.counter-test";
				PRODUCT_NAME = "$(TARGET_NAME)";
				SUPPORTED_PLATFORMS = "iphoneos iphonesimulator";
				SUPPORTS_MACCATALYST = NO;
				SUPPORTS_MAC_DESIGNED_FOR_IPHONE_IPAD = NO;
				SWIFT_EMIT_LOC_STRINGS = YES;
				SWIFT_VERSION = 5.0;
				TARGETED_DEVICE_FAMILY = 1;
			};
			name = Debug;
		};
		F1B49AE32993C77B003EB5A9 /* Release */ = {
			isa = XCBuildConfiguration;
			buildSettings = {
				ASSETCATALOG_COMPILER_APPICON_NAME = AppIcon;
				ASSETCATALOG_COMPILER_GLOBAL_ACCENT_COLOR_NAME = AccentColor;
				CODE_SIGN_STYLE = Automatic;
				CURRENT_PROJECT_VERSION = 1;
				DEVELOPMENT_TEAM = TQFN4DL3L5;
				GENERATE_INFOPLIST_FILE = YES;
				INFOPLIST_FILE = counter_test/Info.plist;
				INFOPLIST_KEY_UIApplicationSupportsIndirectInputEvents = YES;
				INFOPLIST_KEY_UILaunchStoryboardName = LaunchScreen;
				INFOPLIST_KEY_UIMainStoryboardFile = Main;
				INFOPLIST_KEY_UISupportedInterfaceOrientations = UIInterfaceOrientationPortrait;
				INFOPLIST_KEY_UISupportedInterfaceOrientations_iPad = "UIInterfaceOrientationLandscapeLeft UIInterfaceOrientationLandscapeRight UIInterfaceOrientationPortrait UIInterfaceOrientationPortraitUpsideDown";
				LD_RUNPATH_SEARCH_PATHS = (
					"$(inherited)",
					"@executable_path/Frameworks",
				);
				MARKETING_VERSION = 1.0;
				PRODUCT_BUNDLE_IDENTIFIER = "tokoroteen.counter-test";
				PRODUCT_NAME = "$(TARGET_NAME)";
				SUPPORTED_PLATFORMS = "iphoneos iphonesimulator";
				SUPPORTS_MACCATALYST = NO;
				SUPPORTS_MAC_DESIGNED_FOR_IPHONE_IPAD = NO;
				SWIFT_EMIT_LOC_STRINGS = YES;
				SWIFT_VERSION = 5.0;
				TARGETED_DEVICE_FAMILY = 1;
			};
			name = Release;
		};
		F1B49AE52993C77B003EB5A9 /* Debug */ = {
			isa = XCBuildConfiguration;
			buildSettings = {
				ALWAYS_EMBED_SWIFT_STANDARD_LIBRARIES = YES;
				BUNDLE_LOADER = "$(TEST_HOST)";
				CODE_SIGN_STYLE = Automatic;
				CURRENT_PROJECT_VERSION = 1;
				GENERATE_INFOPLIST_FILE = YES;
				IPHONEOS_DEPLOYMENT_TARGET = 16.2;
				MARKETING_VERSION = 1.0;
				PRODUCT_BUNDLE_IDENTIFIER = "tokoroteen.counter-testTests";
				PRODUCT_NAME = "$(TARGET_NAME)";
				SWIFT_EMIT_LOC_STRINGS = NO;
				SWIFT_VERSION = 5.0;
				TARGETED_DEVICE_FAMILY = "1,2";
				TEST_HOST = "$(BUILT_PRODUCTS_DIR)/counter_test.app/$(BUNDLE_EXECUTABLE_FOLDER_PATH)/counter_test";
			};
			name = Debug;
		};
		F1B49AE62993C77B003EB5A9 /* Release */ = {
			isa = XCBuildConfiguration;
			buildSettings = {
				ALWAYS_EMBED_SWIFT_STANDARD_LIBRARIES = YES;
				BUNDLE_LOADER = "$(TEST_HOST)";
				CODE_SIGN_STYLE = Automatic;
				CURRENT_PROJECT_VERSION = 1;
				GENERATE_INFOPLIST_FILE = YES;
				IPHONEOS_DEPLOYMENT_TARGET = 16.2;
				MARKETING_VERSION = 1.0;
				PRODUCT_BUNDLE_IDENTIFIER = "tokoroteen.counter-testTests";
				PRODUCT_NAME = "$(TARGET_NAME)";
				SWIFT_EMIT_LOC_STRINGS = NO;
				SWIFT_VERSION = 5.0;
				TARGETED_DEVICE_FAMILY = "1,2";
				TEST_HOST = "$(BUILT_PRODUCTS_DIR)/counter_test.app/$(BUNDLE_EXECUTABLE_FOLDER_PATH)/counter_test";
			};
			name = Release;
		};
		F1B49AE82993C77B003EB5A9 /* Debug */ = {
			isa = XCBuildConfiguration;
			buildSettings = {
				ALWAYS_EMBED_SWIFT_STANDARD_LIBRARIES = YES;
				CODE_SIGN_STYLE = Automatic;
				CURRENT_PROJECT_VERSION = 1;
				GENERATE_INFOPLIST_FILE = YES;
				MARKETING_VERSION = 1.0;
				PRODUCT_BUNDLE_IDENTIFIER = "tokoroteen.counter-testUITests";
				PRODUCT_NAME = "$(TARGET_NAME)";
				SWIFT_EMIT_LOC_STRINGS = NO;
				SWIFT_VERSION = 5.0;
				TARGETED_DEVICE_FAMILY = "1,2";
				TEST_TARGET_NAME = counter_test;
			};
			name = Debug;
		};
		F1B49AE92993C77B003EB5A9 /* Release */ = {
			isa = XCBuildConfiguration;
			buildSettings = {
				ALWAYS_EMBED_SWIFT_STANDARD_LIBRARIES = YES;
				CODE_SIGN_STYLE = Automatic;
				CURRENT_PROJECT_VERSION = 1;
				GENERATE_INFOPLIST_FILE = YES;
				MARKETING_VERSION = 1.0;
				PRODUCT_BUNDLE_IDENTIFIER = "tokoroteen.counter-testUITests";
				PRODUCT_NAME = "$(TARGET_NAME)";
				SWIFT_EMIT_LOC_STRINGS = NO;
				SWIFT_VERSION = 5.0;
				TARGETED_DEVICE_FAMILY = "1,2";
				TEST_TARGET_NAME = counter_test;
			};
			name = Release;
		};
/* End XCBuildConfiguration section */

/* Begin XCConfigurationList section */
		F1B49AB22993C776003EB5A9 /* Build configuration list for PBXProject "counter_test" */ = {
			isa = XCConfigurationList;
			buildConfigurations = (
				F1B49ADF2993C77B003EB5A9 /* Debug */,
				F1B49AE02993C77B003EB5A9 /* Release */,
			);
			defaultConfigurationIsVisible = 0;
			defaultConfigurationName = Release;
		};
		F1B49AE12993C77B003EB5A9 /* Build configuration list for PBXNativeTarget "counter_test" */ = {
			isa = XCConfigurationList;
			buildConfigurations = (
				F1B49AE22993C77B003EB5A9 /* Debug */,
				F1B49AE32993C77B003EB5A9 /* Release */,
			);
			defaultConfigurationIsVisible = 0;
			defaultConfigurationName = Release;
		};
		F1B49AE42993C77B003EB5A9 /* Build configuration list for PBXNativeTarget "counter_testTests" */ = {
			isa = XCConfigurationList;
			buildConfigurations = (
				F1B49AE52993C77B003EB5A9 /* Debug */,
				F1B49AE62993C77B003EB5A9 /* Release */,
			);
			defaultConfigurationIsVisible = 0;
			defaultConfigurationName = Release;
		};
		F1B49AE72993C77B003EB5A9 /* Build configuration list for PBXNativeTarget "counter_testUITests" */ = {
			isa = XCConfigurationList;
			buildConfigurations = (
				F1B49AE82993C77B003EB5A9 /* Debug */,
				F1B49AE92993C77B003EB5A9 /* Release */,
			);
			defaultConfigurationIsVisible = 0;
			defaultConfigurationName = Release;
		};
/* End XCConfigurationList section */
	};
	rootObject = F1B49AAF2993C776003EB5A9 /* Project object */;
}
